
Microsoft Visual Studio Solution File, Format Version 12.00
# Visual Studio Version 17
VisualStudioVersion = 17.2.32526.322
MinimumVisualStudioVersion = 10.0.40219.1
Project("{FAE04EC0-301F-11D3-BF4B-00C04F79EFBC}") = "ConsoleApp_9_8", "ConsoleApp_9_8.csproj", "{15F3FE38-79F7-450B-953E-4DF4DEDEBE74}"
EndProject
Global
	GlobalSection(SolutionConfigurationPlatforms) = preSolution
		Debug|Any CPU = Debug|Any CPU
		Release|Any CPU = Release|Any CPU
	EndGlobalSection
	GlobalSection(ProjectConfigurationPlatforms) = postSolution
		{15F3FE38-79F7-450B-953E-4DF4DEDEBE74}.Debug|Any CPU.ActiveCfg = Debug|Any CPU
		{15F3FE38-79F7-450B-953E-4DF4DEDEBE74}.Debug|Any CPU.Build.0 = Debug|Any CPU
		{15F3FE38-79F7-450B-953E-4DF4DEDEBE74}.Release|Any CPU.ActiveCfg = Release|Any CPU
		{15F3FE38-79F7-450B-953E-4DF4DEDEBE74}.Release|Any CPU.Build.0 = Release|Any CPU
	EndGlobalSection
	GlobalSection(SolutionProperties) = preSolution
		HideSolutionNode = FALSE
	EndGlobalSection
	GlobalSection(ExtensibilityGlobals) = postSolution
		SolutionGuid = {CDADF49D-9A1E-4092-923C-139299CD965D}
	EndGlobalSection
EndGlobal
